
Microsoft Visual Studio Solution File, Format Version 12.00
# Visual Studio Version 16
VisualStudioVersion = 16.0.31321.278
MinimumVisualStudioVersion = 10.0.40219.1
Project("{2150E333-8FDC-42A3-9474-1A3956D46DE8}") = "PL", "PL", "{026BBC2D-C95D-4AE0-B7F2-543B6B66B4A2}"
EndProject
Project("{2150E333-8FDC-42A3-9474-1A3956D46DE8}") = "BLL", "BLL", "{69438F15-FBF2-4537-9666-6242DFD403BD}"
EndProject
Project("{2150E333-8FDC-42A3-9474-1A3956D46DE8}") = "DAL", "DAL", "{532B4951-577F-4171-99FC-3EB80C559938}"
EndProject
Project("{2150E333-8FDC-42A3-9474-1A3956D46DE8}") = "Services", "Services", "{1FBBDEC8-43CD-444B-80BA-280AA8A95101}"
EndProject
Project("{FAE04EC0-301F-11D3-BF4B-00C04F79EFBC}") = "Core", "Core\Core.csproj", "{905DF1E8-5D98-4ADB-B917-D27F2EE9A42F}"
EndProject
Project("{FAE04EC0-301F-11D3-BF4B-00C04F79EFBC}") = "Repositories", "Repositories\Repositories.csproj", "{34BF8EC7-1465-4289-A080-00F0835A047E}"
EndProject
Project("{FAE04EC0-301F-11D3-BF4B-00C04F79EFBC}") = "ServiceСontracts", "ServiceСontracts\ServiceСontracts.csproj", "{3973D358-05E5-444B-BE48-8A51D13C1DF6}"
EndProject
Project("{FAE04EC0-301F-11D3-BF4B-00C04F79EFBC}") = "DataContracts", "DataContracts\DataContracts.csproj", "{B2F45B2C-8352-49EA-A8C7-7A03A20C7427}"
EndProject
Project("{2150E333-8FDC-42A3-9474-1A3956D46DE8}") = "ServiceHosts", "ServiceHosts", "{9A867A08-CA07-4937-A322-FCF9C600D635}"
EndProject
Project("{FAE04EC0-301F-11D3-BF4B-00C04F79EFBC}") = "ServiceImplementations", "ServiceImplementations\ServiceImplementations.csproj", "{2C78C0E6-9824-455C-8D6E-AB87A1CE60A3}"
EndProject
Project("{FAE04EC0-301F-11D3-BF4B-00C04F79EFBC}") = "Model", "Model\Model.csproj", "{98F2788F-B190-40DA-B2A6-69C0B67A6C9E}"
EndProject
Project("{FAE04EC0-301F-11D3-BF4B-00C04F79EFBC}") = "ProductServiceHost", "ProductServiceHost\ProductServiceHost.csproj", "{C57D7EEF-4834-40CC-8A40-CCF60C89EAE3}"
EndProject
Project("{FAE04EC0-301F-11D3-BF4B-00C04F79EFBC}") = "CartServiceHost", "CartServiceHost\CartServiceHost.csproj", "{8A7317E1-7165-4A35-AB76-74FE72660D55}"
EndProject
Project("{FAE04EC0-301F-11D3-BF4B-00C04F79EFBC}") = "UserServeiceHost", "UserServeiceHost\UserServeiceHost.csproj", "{76C9385B-268B-4940-BC86-5AD106F25286}"
EndProject
Project("{FAE04EC0-301F-11D3-BF4B-00C04F79EFBC}") = "Web", "Web\Web.csproj", "{4EAC58B5-0B8A-48B4-86DB-E24B07DAD005}"
EndProject
Project("{FAE04EC0-301F-11D3-BF4B-00C04F79EFBC}") = "ManagerCreater", "ManagerCreater\ManagerCreater.csproj", "{56734DC0-CF73-496B-91A6-52A01106326D}"
EndProject
Global
	GlobalSection(SolutionConfigurationPlatforms) = preSolution
		Debug|Any CPU = Debug|Any CPU
		Release|Any CPU = Release|Any CPU
	EndGlobalSection
	GlobalSection(ProjectConfigurationPlatforms) = postSolution
		{905DF1E8-5D98-4ADB-B917-D27F2EE9A42F}.Debug|Any CPU.ActiveCfg = Debug|Any CPU
		{905DF1E8-5D98-4ADB-B917-D27F2EE9A42F}.Debug|Any CPU.Build.0 = Debug|Any CPU
		{905DF1E8-5D98-4ADB-B917-D27F2EE9A42F}.Release|Any CPU.ActiveCfg = Release|Any CPU
		{905DF1E8-5D98-4ADB-B917-D27F2EE9A42F}.Release|Any CPU.Build.0 = Release|Any CPU
		{34BF8EC7-1465-4289-A080-00F0835A047E}.Debug|Any CPU.ActiveCfg = Debug|Any CPU
		{34BF8EC7-1465-4289-A080-00F0835A047E}.Debug|Any CPU.Build.0 = Debug|Any CPU
		{34BF8EC7-1465-4289-A080-00F0835A047E}.Release|Any CPU.ActiveCfg = Release|Any CPU
		{34BF8EC7-1465-4289-A080-00F0835A047E}.Release|Any CPU.Build.0 = Release|Any CPU
		{3973D358-05E5-444B-BE48-8A51D13C1DF6}.Debug|Any CPU.ActiveCfg = Debug|Any CPU
		{3973D358-05E5-444B-BE48-8A51D13C1DF6}.Debug|Any CPU.Build.0 = Debug|Any CPU
		{3973D358-05E5-444B-BE48-8A51D13C1DF6}.Release|Any CPU.ActiveCfg = Release|Any CPU
		{3973D358-05E5-444B-BE48-8A51D13C1DF6}.Release|Any CPU.Build.0 = Release|Any CPU
		{B2F45B2C-8352-49EA-A8C7-7A03A20C7427}.Debug|Any CPU.ActiveCfg = Debug|Any CPU
		{B2F45B2C-8352-49EA-A8C7-7A03A20C7427}.Debug|Any CPU.Build.0 = Debug|Any CPU
		{B2F45B2C-8352-49EA-A8C7-7A03A20C7427}.Release|Any CPU.ActiveCfg = Release|Any CPU
		{B2F45B2C-8352-49EA-A8C7-7A03A20C7427}.Release|Any CPU.Build.0 = Release|Any CPU
		{2C78C0E6-9824-455C-8D6E-AB87A1CE60A3}.Debug|Any CPU.ActiveCfg = Debug|Any CPU
		{2C78C0E6-9824-455C-8D6E-AB87A1CE60A3}.Debug|Any CPU.Build.0 = Debug|Any CPU
		{2C78C0E6-9824-455C-8D6E-AB87A1CE60A3}.Release|Any CPU.ActiveCfg = Release|Any CPU
		{2C78C0E6-9824-455C-8D6E-AB87A1CE60A3}.Release|Any CPU.Build.0 = Release|Any CPU
		{98F2788F-B190-40DA-B2A6-69C0B67A6C9E}.Debug|Any CPU.ActiveCfg = Debug|Any CPU
		{98F2788F-B190-40DA-B2A6-69C0B67A6C9E}.Debug|Any CPU.Build.0 = Debug|Any CPU
		{98F2788F-B190-40DA-B2A6-69C0B67A6C9E}.Release|Any CPU.ActiveCfg = Release|Any CPU
		{98F2788F-B190-40DA-B2A6-69C0B67A6C9E}.Release|Any CPU.Build.0 = Release|Any CPU
		{C57D7EEF-4834-40CC-8A40-CCF60C89EAE3}.Debug|Any CPU.ActiveCfg = Debug|Any CPU
		{C57D7EEF-4834-40CC-8A40-CCF60C89EAE3}.Debug|Any CPU.Build.0 = Debug|Any CPU
		{C57D7EEF-4834-40CC-8A40-CCF60C89EAE3}.Release|Any CPU.ActiveCfg = Release|Any CPU
		{C57D7EEF-4834-40CC-8A40-CCF60C89EAE3}.Release|Any CPU.Build.0 = Release|Any CPU
		{8A7317E1-7165-4A35-AB76-74FE72660D55}.Debug|Any CPU.ActiveCfg = Debug|Any CPU
		{8A7317E1-7165-4A35-AB76-74FE72660D55}.Debug|Any CPU.Build.0 = Debug|Any CPU
		{8A7317E1-7165-4A35-AB76-74FE72660D55}.Release|Any CPU.ActiveCfg = Release|Any CPU
		{8A7317E1-7165-4A35-AB76-74FE72660D55}.Release|Any CPU.Build.0 = Release|Any CPU
		{76C9385B-268B-4940-BC86-5AD106F25286}.Debug|Any CPU.ActiveCfg = Debug|Any CPU
		{76C9385B-268B-4940-BC86-5AD106F25286}.Debug|Any CPU.Build.0 = Debug|Any CPU
		{76C9385B-268B-4940-BC86-5AD106F25286}.Release|Any CPU.ActiveCfg = Release|Any CPU
		{76C9385B-268B-4940-BC86-5AD106F25286}.Release|Any CPU.Build.0 = Release|Any CPU
		{4EAC58B5-0B8A-48B4-86DB-E24B07DAD005}.Debug|Any CPU.ActiveCfg = Debug|Any CPU
		{4EAC58B5-0B8A-48B4-86DB-E24B07DAD005}.Debug|Any CPU.Build.0 = Debug|Any CPU
		{4EAC58B5-0B8A-48B4-86DB-E24B07DAD005}.Release|Any CPU.ActiveCfg = Release|Any CPU
		{4EAC58B5-0B8A-48B4-86DB-E24B07DAD005}.Release|Any CPU.Build.0 = Release|Any CPU
		{56734DC0-CF73-496B-91A6-52A01106326D}.Debug|Any CPU.ActiveCfg = Debug|Any CPU
		{56734DC0-CF73-496B-91A6-52A01106326D}.Debug|Any CPU.Build.0 = Debug|Any CPU
		{56734DC0-CF73-496B-91A6-52A01106326D}.Release|Any CPU.ActiveCfg = Release|Any CPU
		{56734DC0-CF73-496B-91A6-52A01106326D}.Release|Any CPU.Build.0 = Release|Any CPU
	EndGlobalSection
	GlobalSection(SolutionProperties) = preSolution
		HideSolutionNode = FALSE
	EndGlobalSection
	GlobalSection(NestedProjects) = preSolution
		{1FBBDEC8-43CD-444B-80BA-280AA8A95101} = {69438F15-FBF2-4537-9666-6242DFD403BD}
		{905DF1E8-5D98-4ADB-B917-D27F2EE9A42F} = {69438F15-FBF2-4537-9666-6242DFD403BD}
		{34BF8EC7-1465-4289-A080-00F0835A047E} = {532B4951-577F-4171-99FC-3EB80C559938}
		{3973D358-05E5-444B-BE48-8A51D13C1DF6} = {1FBBDEC8-43CD-444B-80BA-280AA8A95101}
		{B2F45B2C-8352-49EA-A8C7-7A03A20C7427} = {1FBBDEC8-43CD-444B-80BA-280AA8A95101}
		{9A867A08-CA07-4937-A322-FCF9C600D635} = {1FBBDEC8-43CD-444B-80BA-280AA8A95101}
		{2C78C0E6-9824-455C-8D6E-AB87A1CE60A3} = {1FBBDEC8-43CD-444B-80BA-280AA8A95101}
		{98F2788F-B190-40DA-B2A6-69C0B67A6C9E} = {532B4951-577F-4171-99FC-3EB80C559938}
		{C57D7EEF-4834-40CC-8A40-CCF60C89EAE3} = {9A867A08-CA07-4937-A322-FCF9C600D635}
		{8A7317E1-7165-4A35-AB76-74FE72660D55} = {9A867A08-CA07-4937-A322-FCF9C600D635}
		{76C9385B-268B-4940-BC86-5AD106F25286} = {9A867A08-CA07-4937-A322-FCF9C600D635}
		{4EAC58B5-0B8A-48B4-86DB-E24B07DAD005} = {026BBC2D-C95D-4AE0-B7F2-543B6B66B4A2}
	EndGlobalSection
	GlobalSection(ExtensibilityGlobals) = postSolution
		SolutionGuid = {F39F9982-9AB0-469A-977B-B7865F5BB2A8}
	EndGlobalSection
EndGlobal
